// !$*UTF8*$!
{
	archiveVersion = 1;
	classes = {
	};
	objectVersion = 50;
	objects = {

/* Begin PBXBuildFile section */
		04F4899B2523227000EC542E /* AppDelegate.m in Sources */ = {isa = PBXBuildFile; fileRef = 04F4899A2523227000EC542E /* AppDelegate.m */; };
		04F489A62523227100EC542E /* Assets.xcassets in Resources */ = {isa = PBXBuildFile; fileRef = 04F489A52523227100EC542E /* Assets.xcassets */; };
		04F489A92523227100EC542E /* LaunchScreen.storyboard in Resources */ = {isa = PBXBuildFile; fileRef = 04F489A72523227100EC542E /* LaunchScreen.storyboard */; };
		04F489AC2523227100EC542E /* main.m in Sources */ = {isa = PBXBuildFile; fileRef = 04F489AB2523227100EC542E /* main.m */; };
		04F489B7252322C700EC542E /* ZZViewController.m in Sources */ = {isa = PBXBuildFile; fileRef = 04F489B6252322C700EC542E /* ZZViewController.m */; };
		04F489EC25232DFF00EC542E /* RXAdSdkModel.m in Sources */ = {isa = PBXBuildFile; fileRef = 04F489EB25232DFF00EC542E /* RXAdSdkModel.m */; };
		04F489EF25232EE100EC542E /* BoNiuCore.framework in Frameworks */ = {isa = PBXBuildFile; fileRef = 04F489EE25232EE100EC542E /* BoNiuCore.framework */; };
/* End PBXBuildFile section */

/* Begin PBXFileReference section */
		04F489962523227000EC542E /* BoNiuCore.app */ = {isa = PBXFileReference; explicitFileType = wrapper.application; includeInIndex = 0; path = BoNiuCore.app; sourceTree = BUILT_PRODUCTS_DIR; };
		04F489992523227000EC542E /* AppDelegate.h */ = {isa = PBXFileReference; lastKnownFileType = sourcecode.c.h; path = AppDelegate.h; sourceTree = "<group>"; };
		04F4899A2523227000EC542E /* AppDelegate.m */ = {isa = PBXFileReference; lastKnownFileType = sourcecode.c.objc; path = AppDelegate.m; sourceTree = "<group>"; };
		04F489A52523227100EC542E /* Assets.xcassets */ = {isa = PBXFileReference; lastKnownFileType = folder.assetcatalog; path = Assets.xcassets; sourceTree = "<group>"; };
		04F489A82523227100EC542E /* Base */ = {isa = PBXFileReference; lastKnownFileType = file.storyboard; name = Base; path = Base.lproj/LaunchScreen.storyboard; sourceTree = "<group>"; };
		04F489AA2523227100EC542E /* Info.plist */ = {isa = PBXFileReference; lastKnownFileType = text.plist.xml; path = Info.plist; sourceTree = "<group>"; };
		04F489AB2523227100EC542E /* main.m */ = {isa = PBXFileReference; lastKnownFileType = sourcecode.c.objc; path = main.m; sourceTree = "<group>"; };
		04F489B5252322C700EC542E /* ZZViewController.h */ = {isa = PBXFileReference; lastKnownFileType = sourcecode.c.h; path = ZZViewController.h; sourceTree = "<group>"; };
		04F489B6252322C700EC542E /* ZZViewController.m */ = {isa = PBXFileReference; lastKnownFileType = sourcecode.c.objc; path = ZZViewController.m; sourceTree = "<group>"; };
		04F489EA25232DFF00EC542E /* RXAdSdkModel.h */ = {isa = PBXFileReference; lastKnownFileType = sourcecode.c.h; path = RXAdSdkModel.h; sourceTree = "<group>"; };
		04F489EB25232DFF00EC542E /* RXAdSdkModel.m */ = {isa = PBXFileReference; lastKnownFileType = sourcecode.c.objc; path = RXAdSdkModel.m; sourceTree = "<group>"; };
		04F489EE25232EE100EC542E /* BoNiuCore.framework */ = {isa = PBXFileReference; lastKnownFileType = wrapper.framework; path = BoNiuCore.framework; sourceTree = "<group>"; };
/* End PBXFileReference section */

/* Begin PBXFrameworksBuildPhase section */
		04F489932523227000EC542E /* Frameworks */ = {
			isa = PBXFrameworksBuildPhase;
			buildActionMask = 2147483647;
			files = (
				04F489EF25232EE100EC542E /* BoNiuCore.framework in Frameworks */,
			);
			runOnlyForDeploymentPostprocessing = 0;
		};
/* End PBXFrameworksBuildPhase section */

/* Begin PBXGroup section */
		04F4898D2523227000EC542E = {
			isa = PBXGroup;
			children = (
				04F489982523227000EC542E /* BoNiuCore */,
				04F489972523227000EC542E /* Products */,
			);
			sourceTree = "<group>";
		};
		04F489972523227000EC542E /* Products */ = {
			isa = PBXGroup;
			children = (
				04F489962523227000EC542E /* BoNiuCore.app */,
			);
			name = Products;
			sourceTree = "<group>";
		};
		04F489982523227000EC542E /* BoNiuCore */ = {
			isa = PBXGroup;
			children = (
				04F489BB2523249400EC542E /* Frameworks */,
				04F489992523227000EC542E /* AppDelegate.h */,
				04F4899A2523227000EC542E /* AppDelegate.m */,
				04F489B5252322C700EC542E /* ZZViewController.h */,
				04F489B6252322C700EC542E /* ZZViewController.m */,
				04F489EA25232DFF00EC542E /* RXAdSdkModel.h */,
				04F489EB25232DFF00EC542E /* RXAdSdkModel.m */,
				04F489A52523227100EC542E /* Assets.xcassets */,
				04F489A72523227100EC542E /* LaunchScreen.storyboard */,
				04F489AA2523227100EC542E /* Info.plist */,
				04F489AB2523227100EC542E /* main.m */,
			);
			path = BoNiuCore;
			sourceTree = "<group>";
		};
		04F489BB2523249400EC542E /* Frameworks */ = {
			isa = PBXGroup;
			children = (
				04F489EE25232EE100EC542E /* BoNiuCore.framework */,
			);
			path = Frameworks;
			sourceTree = SOURCE_ROOT;
		};
/* End PBXGroup section */

/* Begin PBXNativeTarget section */
		04F489952523227000EC542E /* BoNiuCore */ = {
			isa = PBXNativeTarget;
			buildConfigurationList = 04F489AF2523227100EC542E /* Build configuration list for PBXNativeTarget "BoNiuCore" */;
			buildPhases = (
				04F489922523227000EC542E /* Sources */,
				04F489932523227000EC542E /* Frameworks */,
				04F489942523227000EC542E /* Resources */,
			);
			buildRules = (
			);
			dependencies = (
			);
			name = BoNiuCore;
			productName = BoNiuCore;
			productReference = 04F489962523227000EC542E /* BoNiuCore.app */;
			productType = "com.apple.product-type.application";
		};
/* End PBXNativeTarget section */

/* Begin PBXProject section */
		04F4898E2523227000EC542E /* Project object */ = {
			isa = PBXProject;
			attributes = {
				LastUpgradeCheck = 1200;
				TargetAttributes = {
					04F489952523227000EC542E = {
						CreatedOnToolsVersion = 12.0;
					};
				};
			};
			buildConfigurationList = 04F489912523227000EC542E /* Build configuration list for PBXProject "BoNiuCore" */;
			compatibilityVersion = "Xcode 9.3";
			developmentRegion = en;
			hasScannedForEncodings = 0;
			knownRegions = (
				en,
				Base,
			);
			mainGroup = 04F4898D2523227000EC542E;
			productRefGroup = 04F489972523227000EC542E /* Products */;
			projectDirPath = "";
			projectRoot = "";
			targets = (
				04F489952523227000EC542E /* BoNiuCore */,
			);
		};
/* End PBXProject section */

/* Begin PBXResourcesBuildPhase section */
		04F489942523227000EC542E /* Resources */ = {
			isa = PBXResourcesBuildPhase;
			buildActionMask = 2147483647;
			files = (
				04F489A92523227100EC542E /* LaunchScreen.storyboard in Resources */,
				04F489A62523227100EC542E /* Assets.xcassets in Resources */,
			);
			runOnlyForDeploymentPostprocessing = 0;
		};
/* End PBXResourcesBuildPhase section */

/* Begin PBXSourcesBuildPhase section */
		04F489922523227000EC542E /* Sources */ = {
			isa = PBXSourcesBuildPhase;
			buildActionMask = 2147483647;
			files = (
				04F4899B2523227000EC542E /* AppDelegate.m in Sources */,
				04F489AC2523227100EC542E /* main.m in Sources */,
				04F489B7252322C700EC542E /* ZZViewController.m in Sources */,
				04F489EC25232DFF00EC542E /* RXAdSdkModel.m in Sources */,
			);
			runOnlyForDeploymentPostprocessing = 0;
		};
/* End PBXSourcesBuildPhase section */

/* Begin PBXVariantGroup section */
		04F489A72523227100EC542E /* LaunchScreen.storyboard */ = {
			isa = PBXVariantGroup;
			children = (
				04F489A82523227100EC542E /* Base */,
			);
			name = LaunchScreen.storyboard;
			sourceTree = "<group>";
		};
/* End PBXVariantGroup section */

/* Begin XCBuildConfiguration section */
		04F489AD2523227100EC542E /* Debug */ = {
			isa = XCBuildConfiguration;
			buildSettings = {
				ALWAYS_SEARCH_USER_PATHS = NO;
				CLANG_ANALYZER_NONNULL = YES;
				CLANG_ANALYZER_NUMBER_OBJECT_CONVERSION = YES_AGGRESSIVE;
				CLANG_CXX_LANGUAGE_STANDARD = "gnu++14";
				CLANG_CXX_LIBRARY = "libc++";
				CLANG_ENABLE_MODULES = YES;
				CLANG_ENABLE_OBJC_ARC = YES;
				CLANG_ENABLE_OBJC_WEAK = YES;
				CLANG_WARN_BLOCK_CAPTURE_AUTORELEASING = YES;
				CLANG_WARN_BOOL_CONVERSION = YES;
				CLANG_WARN_COMMA = YES;
				CLANG_WARN_CONSTANT_CONVERSION = YES;
				CLANG_WARN_DEPRECATED_OBJC_IMPLEMENTATIONS = YES;
				CLANG_WARN_DIRECT_OBJC_ISA_USAGE = YES_ERROR;
				CLANG_WARN_DOCUMENTATION_COMMENTS = YES;
				CLANG_WARN_EMPTY_BODY = YES;
				CLANG_WARN_ENUM_CONVERSION = YES;
				CLANG_WARN_INFINITE_RECURSION = YES;
				CLANG_WARN_INT_CONVERSION = YES;
				CLANG_WARN_NON_LITERAL_NULL_CONVERSION = YES;
				CLANG_WARN_OBJC_IMPLICIT_RETAIN_SELF = YES;
				CLANG_WARN_OBJC_LITERAL_CONVERSION = YES;
				CLANG_WARN_OBJC_ROOT_CLASS = YES_ERROR;
				CLANG_WARN_QUOTED_INCLUDE_IN_FRAMEWORK_HEADER = YES;
				CLANG_WARN_RANGE_LOOP_ANALYSIS = YES;
				CLANG_WARN_STRICT_PROTOTYPES = YES;
				CLANG_WARN_SUSPICIOUS_MOVE = YES;
				CLANG_WARN_UNGUARDED_AVAILABILITY = YES_AGGRESSIVE;
				CLANG_WARN_UNREACHABLE_CODE = YES;
				CLANG_WARN__DUPLICATE_METHOD_MATCH = YES;
				COPY_PHASE_STRIP = NO;
				DEBUG_INFORMATION_FORMAT = dwarf;
				ENABLE_STRICT_OBJC_MSGSEND = YES;
				ENABLE_TESTABILITY = YES;
				GCC_C_LANGUAGE_STANDARD = gnu11;
				GCC_DYNAMIC_NO_PIC = NO;
				GCC_NO_COMMON_BLOCKS = YES;
				GCC_OPTIMIZATION_LEVEL = 0;
				GCC_PREPROCESSOR_DEFINITIONS = (
					"DEBUG=1",
					"$(inherited)",
				);
				GCC_WARN_64_TO_32_BIT_CONVERSION = YES;
				GCC_WARN_ABOUT_RETURN_TYPE = YES_ERROR;
				GCC_WARN_UNDECLARED_SELECTOR = YES;
				GCC_WARN_UNINITIALIZED_AUTOS = YES_AGGRESSIVE;
				GCC_WARN_UNUSED_FUNCTION = YES;
				GCC_WARN_UNUSED_VARIABLE = YES;
				IPHONEOS_DEPLOYMENT_TARGET = 14.0;
				MTL_ENABLE_DEBUG_INFO = INCLUDE_SOURCE;
				MTL_FAST_MATH = YES;
				ONLY_ACTIVE_ARCH = YES;
				SDKROOT = iphoneos;
			};
			name = Debug;
		};
		04F489AE2523227100EC542E /* Release */ = {
			isa = XCBuildConfiguration;
			buildSettings = {
				ALWAYS_SEARCH_USER_PATHS = NO;
				CLANG_ANALYZER_NONNULL = YES;
				CLANG_ANALYZER_NUMBER_OBJECT_CONVERSION = YES_AGGRESSIVE;
				CLANG_CXX_LANGUAGE_STANDARD = "gnu++14";
				CLANG_CXX_LIBRARY = "libc++";
				CLANG_ENABLE_MODULES = YES;
				CLANG_ENABLE_OBJC_ARC = YES;
				CLANG_ENABLE_OBJC_WEAK = YES;
				CLANG_WARN_BLOCK_CAPTURE_AUTORELEASING = YES;
				CLANG_WARN_BOOL_CONVERSION = YES;
				CLANG_WARN_COMMA = YES;
				CLANG_WARN_CONSTANT_CONVERSION = YES;
				CLANG_WARN_DEPRECATED_OBJC_IMPLEMENTATIONS = YES;
				CLANG_WARN_DIRECT_OBJC_ISA_USAGE = YES_ERROR;
				CLANG_WARN_DOCUMENTATION_COMMENTS = YES;
				CLANG_WARN_EMPTY_BODY = YES;
				CLANG_WARN_ENUM_CONVERSION = YES;
				CLANG_WARN_INFINITE_RECURSION = YES;
				CLANG_WARN_INT_CONVERSION = YES;
				CLANG_WARN_NON_LITERAL_NULL_CONVERSION = YES;
				CLANG_WARN_OBJC_IMPLICIT_RETAIN_SELF = YES;
				CLANG_WARN_OBJC_LITERAL_CONVERSION = YES;
				CLANG_WARN_OBJC_ROOT_CLASS = YES_ERROR;
				CLANG_WARN_QUOTED_INCLUDE_IN_FRAMEWORK_HEADER = YES;
				CLANG_WARN_RANGE_LOOP_ANALYSIS = YES;
				CLANG_WARN_STRICT_PROTOTYPES = YES;
				CLANG_WARN_SUSPICIOUS_MOVE = YES;
				CLANG_WARN_UNGUARDED_AVAILABILITY = YES_AGGRESSIVE;
				CLANG_WARN_UNREACHABLE_CODE = YES;
				CLANG_WARN__DUPLICATE_METHOD_MATCH = YES;
				COPY_PHASE_STRIP = NO;
				DEBUG_INFORMATION_FORMAT = "dwarf-with-dsym";
				ENABLE_NS_ASSERTIONS = NO;
				ENABLE_STRICT_OBJC_MSGSEND = YES;
				GCC_C_LANGUAGE_STANDARD = gnu11;
				GCC_NO_COMMON_BLOCKS = YES;
				GCC_WARN_64_TO_32_BIT_CONVERSION = YES;
				GCC_WARN_ABOUT_RETURN_TYPE = YES_ERROR;
				GCC_WARN_UNDECLARED_SELECTOR = YES;
				GCC_WARN_UNINITIALIZED_AUTOS = YES_AGGRESSIVE;
				GCC_WARN_UNUSED_FUNCTION = YES;
				GCC_WARN_UNUSED_VARIABLE = YES;
				IPHONEOS_DEPLOYMENT_TARGET = 14.0;
				MTL_ENABLE_DEBUG_INFO = NO;
				MTL_FAST_MATH = YES;
				SDKROOT = iphoneos;
				VALIDATE_PRODUCT = YES;
			};
			name = Release;
		};
		04F489B02523227100EC542E /* Debug */ = {
			isa = XCBuildConfiguration;
			buildSettings = {
				ASSETCATALOG_COMPILER_APPICON_NAME = AppIcon;
				ASSETCATALOG_COMPILER_GLOBAL_ACCENT_COLOR_NAME = AccentColor;
				CODE_SIGN_STYLE = Automatic;
				FRAMEWORK_SEARCH_PATHS = (
					"$(inherited)",
					"$(PROJECT_DIR)/Frameworks",
				);
				INFOPLIST_FILE = BoNiuCore/Info.plist;
				LD_RUNPATH_SEARCH_PATHS = (
					"$(inherited)",
					"@executable_path/Frameworks",
				);
				MARKETING_VERSION = 1.0.0;
				PRODUCT_BUNDLE_IDENTIFIER = com.boniu.BoNiuCore;
				PRODUCT_NAME = "$(TARGET_NAME)";
				TARGETED_DEVICE_FAMILY = "1,2";
			};
			name = Debug;
		};
		04F489B12523227100EC542E /* Release */ = {
			isa = XCBuildConfiguration;
			buildSettings = {
				ASSETCATALOG_COMPILER_APPICON_NAME = AppIcon;
				ASSETCATALOG_COMPILER_GLOBAL_ACCENT_COLOR_NAME = AccentColor;
				CODE_SIGN_STYLE = Automatic;
				FRAMEWORK_SEARCH_PATHS = (
					"$(inherited)",
					"$(PROJECT_DIR)/Frameworks",
				);
				INFOPLIST_FILE = BoNiuCore/Info.plist;
				LD_RUNPATH_SEARCH_PATHS = (
					"$(inherited)",
					"@executable_path/Frameworks",
				);
				MARKETING_VERSION = 1.0.0;
				PRODUCT_BUNDLE_IDENTIFIER = com.boniu.BoNiuCore;
				PRODUCT_NAME = "$(TARGET_NAME)";
				TARGETED_DEVICE_FAMILY = "1,2";
			};
			name = Release;
		};
/* End XCBuildConfiguration section */

/* Begin XCConfigurationList section */
		04F489912523227000EC542E /* Build configuration list for PBXProject "BoNiuCore" */ = {
			isa = XCConfigurationList;
			buildConfigurations = (
				04F489AD2523227100EC542E /* Debug */,
				04F489AE2523227100EC542E /* Release */,
			);
			defaultConfigurationIsVisible = 0;
			defaultConfigurationName = Release;
		};
		04F489AF2523227100EC542E /* Build configuration list for PBXNativeTarget "BoNiuCore" */ = {
			isa = XCConfigurationList;
			buildConfigurations = (
				04F489B02523227100EC542E /* Debug */,
				04F489B12523227100EC542E /* Release */,
			);
			defaultConfigurationIsVisible = 0;
			defaultConfigurationName = Release;
		};
/* End XCConfigurationList section */
	};
	rootObject = 04F4898E2523227000EC542E /* Project object */;
}
